PODS:
  - Alamofire (5.4.3)
  - KeychainAccess (4.2.2)

DEPENDENCIES:
  - Alamofire (~> 5.4)
  - KeychainAccess (~> 4.2)

SPEC REPOS:
  trunk:
    - Alamofire
    - KeychainAccess

SPEC CHECKSUMS:
  Alamofire: e447a2774a40c996748296fa2c55112fdbbc42f9
  KeychainAccess: c0c4f7f38f6fc7bbe58f5702e25f7bd2f65abf51

PODFILE CHECKSUM: 420034cb072c81a325a0dfdf60923df47028329c

COCOAPODS: 1.10.2
